// !$*UTF8*$!
{
	archiveVersion = 1;
	classes = {
	};
	objectVersion = 77;
	objects = {

/* Begin PBXBuildFile section */
		19EEDDF939FC9D6686FD263C /* loveaceiosWidget.appex in Embed Foundation Extensions */ = {isa = PBXBuildFile; fileRef = F994F44DDEFB9E02BA214F0D /* loveaceiosWidget.appex */; settings = {ATTRIBUTES = (RemoveHeadersOnCopy, ); }; };
		46FA5027073F97631F2C903F /* loveaceiosWidget.swift in Sources */ = {isa = PBXBuildFile; fileRef = 74055E21B4E15AAA3E7CA2F8 /* loveaceiosWidget.swift */; };
		7BAA00032F6B900000CC81E3 /* SwiftSoup in Frameworks */ = {isa = PBXBuildFile; productRef = 7BAA00022F6B900000CC81E3 /* SwiftSoup */; };
		91F31076121EFCC4F2AE8AE6 /* Foundation.framework in Frameworks */ = {isa = PBXBuildFile; fileRef = E8DC5B1145B84BE2177389DE /* Foundation.framework */; };
		B62A84B4AE0453E7E0BD6532 /* WidgetModels.swift in Sources */ = {isa = PBXBuildFile; fileRef = B82711622A5FBE6529B4BE3A /* WidgetModels.swift */; };
		C2E9E8A77A52557D34912DD1 /* WidgetModels.swift in Sources */ = {isa = PBXBuildFile; fileRef = FBBA25264E7E2D4AD5FB5610 /* WidgetModels.swift */; };
		F44B828F3B93E9E3E26E29FA /* WidgetModels.swift in Sources */ = {isa = PBXBuildFile; fileRef = B82711622A5FBE6529B4BE3A /* WidgetModels.swift */; };
/* End PBXBuildFile section */

/* Begin PBXContainerItemProxy section */
		8FCA9984AE0F057BFC09D0AD /* PBXContainerItemProxy */ = {
			isa = PBXContainerItemProxy;
			containerPortal = 7B30BBE42F6A7F9F00CC81E3 /* Project object */;
			proxyType = 1;
			remoteGlobalIDString = F72CB8266156EA46CBE46A27;
			remoteInfo = loveaceiosWidget;
		};
/* End PBXContainerItemProxy section */

/* Begin PBXCopyFilesBuildPhase section */
		5D988792C48D83881EC80A7B /* Embed Foundation Extensions */ = {
			isa = PBXCopyFilesBuildPhase;
			buildActionMask = 2147483647;
			dstPath = "";
			dstSubfolderSpec = 13;
			files = (
				19EEDDF939FC9D6686FD263C /* loveaceiosWidget.appex in Embed Foundation Extensions */,
			);
			name = "Embed Foundation Extensions";
			runOnlyForDeploymentPostprocessing = 0;
		};
/* End PBXCopyFilesBuildPhase section */

/* Begin PBXFileReference section */
		611180EE65E37CB08D67510D /* loveaceiosWidget.entitlements */ = {isa = PBXFileReference; includeInIndex = 1; lastKnownFileType = text.plist.entitlements; path = loveaceiosWidget.entitlements; sourceTree = "<group>"; };
		74055E21B4E15AAA3E7CA2F8 /* loveaceiosWidget.swift */ = {isa = PBXFileReference; includeInIndex = 1; lastKnownFileType = sourcecode.swift; path = loveaceiosWidget.swift; sourceTree = "<group>"; };
		7B30BBEC2F6A7F9F00CC81E3 /* loveaceios.app */ = {isa = PBXFileReference; explicitFileType = wrapper.application; includeInIndex = 0; path = loveaceios.app; sourceTree = BUILT_PRODUCTS_DIR; };
		AE1F2802F4D8E5672AF41043 /* Info.plist */ = {isa = PBXFileReference; includeInIndex = 1; lastKnownFileType = text.plist.xml; path = Info.plist; sourceTree = "<group>"; };
		B82711622A5FBE6529B4BE3A /* WidgetModels.swift */ = {isa = PBXFileReference; includeInIndex = 1; lastKnownFileType = sourcecode.swift; path = WidgetModels.swift; sourceTree = "<group>"; };
		CAFBA88C2211A2B2C2DCC717 /* loveaceiosWidget.appex */ = {isa = PBXFileReference; explicitFileType = "wrapper.app-extension"; includeInIndex = 0; path = loveaceiosWidget.appex; sourceTree = BUILT_PRODUCTS_DIR; };
		E8DC5B1145B84BE2177389DE /* Foundation.framework */ = {isa = PBXFileReference; lastKnownFileType = wrapper.framework; name = Foundation.framework; path = Platforms/iPhoneOS.platform/Developer/SDKs/iPhoneOS18.0.sdk/System/Library/Frameworks/Foundation.framework; sourceTree = DEVELOPER_DIR; };
		F994F44DDEFB9E02BA214F0D /* loveaceiosWidget.appex */ = {isa = PBXFileReference; explicitFileType = "wrapper.app-extension"; includeInIndex = 0; path = loveaceiosWidget.appex; sourceTree = BUILT_PRODUCTS_DIR; };
		FBBA25264E7E2D4AD5FB5610 /* WidgetModels.swift */ = {isa = PBXFileReference; includeInIndex = 1; lastKnownFileType = sourcecode.swift; name = WidgetModels.swift; path = Shared/WidgetModels.swift; sourceTree = "<group>"; };
/* End PBXFileReference section */

/* Begin PBXFileSystemSynchronizedRootGroup section */
		7B30BBEE2F6A7F9F00CC81E3 /* loveaceios */ = {
			isa = PBXFileSystemSynchronizedRootGroup;
			exceptions = (
			);
			path = loveaceios;
			sourceTree = "<group>";
		};
/* End PBXFileSystemSynchronizedRootGroup section */

/* Begin PBXFrameworksBuildPhase section */
		7B30BBE92F6A7F9F00CC81E3 /* Frameworks */ = {
			isa = PBXFrameworksBuildPhase;
			buildActionMask = 2147483647;
			files = (
				7BAA00032F6B900000CC81E3 /* SwiftSoup in Frameworks */,
			);
			runOnlyForDeploymentPostprocessing = 0;
		};
		D5CAB60792F72EB1C902F9B1 /* Frameworks */ = {
			isa = PBXFrameworksBuildPhase;
			buildActionMask = 2147483647;
			files = (
				91F31076121EFCC4F2AE8AE6 /* Foundation.framework in Frameworks */,
			);
			runOnlyForDeploymentPostprocessing = 0;
		};
/* End PBXFrameworksBuildPhase section */

/* Begin PBXGroup section */
		1AE9C952299431B4DC31081F /* iOS */ = {
			isa = PBXGroup;
			children = (
				E8DC5B1145B84BE2177389DE /* Foundation.framework */,
			);
			name = iOS;
			sourceTree = "<group>";
		};
		355804482C1B320FE08398C4 /* Shared */ = {
			isa = PBXGroup;
			children = (
				B82711622A5FBE6529B4BE3A /* WidgetModels.swift */,
			);
			name = Shared;
			path = Shared;
			sourceTree = "<group>";
		};
		568992CF7CCAA1C5AB79DBE1 /* loveaceiosWidget */ = {
			isa = PBXGroup;
			children = (
				74055E21B4E15AAA3E7CA2F8 /* loveaceiosWidget.swift */,
				611180EE65E37CB08D67510D /* loveaceiosWidget.entitlements */,
				AE1F2802F4D8E5672AF41043 /* Info.plist */,
			);
			name = loveaceiosWidget;
			path = loveaceiosWidget;
			sourceTree = "<group>";
		};
		5FDDFBF2F83B61E66BCF6486 /* Frameworks */ = {
			isa = PBXGroup;
			children = (
				1AE9C952299431B4DC31081F /* iOS */,
			);
			name = Frameworks;
			sourceTree = "<group>";
		};
		7B30BBE32F6A7F9E00CC81E3 = {
			isa = PBXGroup;
			children = (
				7B30BBEE2F6A7F9F00CC81E3 /* loveaceios */,
				7B30BBED2F6A7F9F00CC81E3 /* Products */,
				5FDDFBF2F83B61E66BCF6486 /* Frameworks */,
				568992CF7CCAA1C5AB79DBE1 /* loveaceiosWidget */,
				355804482C1B320FE08398C4 /* Shared */,
			);
			sourceTree = "<group>";
		};
		7B30BBED2F6A7F9F00CC81E3 /* Products */ = {
			isa = PBXGroup;
			children = (
				7B30BBEC2F6A7F9F00CC81E3 /* loveaceios.app */,
				CAFBA88C2211A2B2C2DCC717 /* loveaceiosWidget.appex */,
				F994F44DDEFB9E02BA214F0D /* loveaceiosWidget.appex */,
			);
			name = Products;
			sourceTree = "<group>";
		};
/* End PBXGroup section */

/* Begin PBXNativeTarget section */
		7B30BBEB2F6A7F9F00CC81E3 /* loveaceios */ = {
			isa = PBXNativeTarget;
			buildConfigurationList = 7B30BBF72F6A7FA000CC81E3 /* Build configuration list for PBXNativeTarget "loveaceios" */;
			buildPhases = (
				7B30BBE82F6A7F9F00CC81E3 /* Sources */,
				7B30BBE92F6A7F9F00CC81E3 /* Frameworks */,
				7B30BBEA2F6A7F9F00CC81E3 /* Resources */,
				5D988792C48D83881EC80A7B /* Embed Foundation Extensions */,
			);
			buildRules = (
			);
			dependencies = (
				91F8CA3111C8BE30AA1923A3 /* PBXTargetDependency */,
			);
			fileSystemSynchronizedGroups = (
				7B30BBEE2F6A7F9F00CC81E3 /* loveaceios */,
			);
			name = loveaceios;
			packageProductDependencies = (
				7BAA00022F6B900000CC81E3 /* SwiftSoup */,
			);
			productName = loveaceios;
			productReference = 7B30BBEC2F6A7F9F00CC81E3 /* loveaceios.app */;
			productType = "com.apple.product-type.application";
		};
		F72CB8266156EA46CBE46A27 /* loveaceiosWidget */ = {
			isa = PBXNativeTarget;
			buildConfigurationList = F5AD6B2772B95B29814A06D0 /* Build configuration list for PBXNativeTarget "loveaceiosWidget" */;
			buildPhases = (
				6A76F5F5B25E6A5B2C88D900 /* Sources */,
				D5CAB60792F72EB1C902F9B1 /* Frameworks */,
				66B40393C5E3075379C4FF7A /* Resources */,
			);
			buildRules = (
			);
			dependencies = (
			);
			name = loveaceiosWidget;
			productName = loveaceiosWidget;
			productReference = F994F44DDEFB9E02BA214F0D /* loveaceiosWidget.appex */;
			productType = "com.apple.product-type.app-extension";
		};
/* End PBXNativeTarget section */

/* Begin PBXProject section */
		7B30BBE42F6A7F9F00CC81E3 /* Project object */ = {
			isa = PBXProject;
			attributes = {
				BuildIndependentTargetsInParallel = 1;
				LastSwiftUpdateCheck = 2610;
				LastUpgradeCheck = 2610;
				TargetAttributes = {
					7B30BBEB2F6A7F9F00CC81E3 = {
						CreatedOnToolsVersion = 26.1.1;
					};
				};
			};
			buildConfigurationList = 7B30BBE72F6A7F9F00CC81E3 /* Build configuration list for PBXProject "loveaceios" */;
			developmentRegion = en;
			hasScannedForEncodings = 0;
			knownRegions = (
				en,
				Base,
			);
			mainGroup = 7B30BBE32F6A7F9E00CC81E3;
			minimizedProjectReferenceProxies = 1;
			packageReferences = (
				7BAA00012F6B900000CC81E3 /* XCRemoteSwiftPackageReference "SwiftSoup" */,
			);
			preferredProjectObjectVersion = 77;
			productRefGroup = 7B30BBED2F6A7F9F00CC81E3 /* Products */;
			projectDirPath = "";
			projectRoot = "";
			targets = (
				7B30BBEB2F6A7F9F00CC81E3 /* loveaceios */,
				F72CB8266156EA46CBE46A27 /* loveaceiosWidget */,
			);
		};
/* End PBXProject section */

/* Begin PBXResourcesBuildPhase section */
		66B40393C5E3075379C4FF7A /* Resources */ = {
			isa = PBXResourcesBuildPhase;
			buildActionMask = 2147483647;
			files = (
			);
			runOnlyForDeploymentPostprocessing = 0;
		};
		7B30BBEA2F6A7F9F00CC81E3 /* Resources */ = {
			isa = PBXResourcesBuildPhase;
			buildActionMask = 2147483647;
			files = (
			);
			runOnlyForDeploymentPostprocessing = 0;
		};
/* End PBXResourcesBuildPhase section */

/* Begin PBXSourcesBuildPhase section */
		6A76F5F5B25E6A5B2C88D900 /* Sources */ = {
			isa = PBXSourcesBuildPhase;
			buildActionMask = 2147483647;
			files = (
				46FA5027073F97631F2C903F /* loveaceiosWidget.swift in Sources */,
				B62A84B4AE0453E7E0BD6532 /* WidgetModels.swift in Sources */,
			);
			runOnlyForDeploymentPostprocessing = 0;
		};
		7B30BBE82F6A7F9F00CC81E3 /* Sources */ = {
			isa = PBXSourcesBuildPhase;
			buildActionMask = 2147483647;
			files = (
				C2E9E8A77A52557D34912DD1 /* WidgetModels.swift in Sources */,
				F44B828F3B93E9E3E26E29FA /* WidgetModels.swift in Sources */,
			);
			runOnlyForDeploymentPostprocessing = 0;
		};
/* End PBXSourcesBuildPhase section */

/* Begin PBXTargetDependency section */
		91F8CA3111C8BE30AA1923A3 /* PBXTargetDependency */ = {
			isa = PBXTargetDependency;
			name = loveaceiosWidget;
			target = F72CB8266156EA46CBE46A27 /* loveaceiosWidget */;
			targetProxy = 8FCA9984AE0F057BFC09D0AD /* PBXContainerItemProxy */;
		};
/* End PBXTargetDependency section */

/* Begin XCBuildConfiguration section */
		4AA46CA59EE861DD6D94E7B5 /* Release */ = {
			isa = XCBuildConfiguration;
			buildSettings = {
				ASSETCATALOG_COMPILER_GLOBAL_ACCENT_COLOR_NAME = AccentColor;
				ASSETCATALOG_COMPILER_WIDGET_BACKGROUND_COLOR_NAME = WidgetBackground;
				CLANG_ENABLE_OBJC_WEAK = NO;
				CODE_SIGN_ENTITLEMENTS = loveaceiosWidget/loveaceiosWidget.entitlements;
				CODE_SIGN_STYLE = Automatic;
				CURRENT_PROJECT_VERSION = 7;
				DEVELOPMENT_TEAM = 2PYK4BY5P6;
				GENERATE_INFOPLIST_FILE = YES;
				INFOPLIST_FILE = loveaceiosWidget/Info.plist;
				INFOPLIST_KEY_CFBundleDisplayName = "LoveACE Widget";
				INFOPLIST_KEY_NSHumanReadableCopyright = "";
				IPHONEOS_DEPLOYMENT_TARGET = 17.0;
				LD_RUNPATH_SEARCH_PATHS = (
					"$(inherited)",
					"@executable_path/Frameworks",
					"@executable_path/../../Frameworks",
				);
				MARKETING_VERSION = 1.1;
				PRODUCT_BUNDLE_IDENTIFIER = cn.linota.loveace.widget;
				PRODUCT_NAME = "$(TARGET_NAME)";
				SDKROOT = iphoneos;
				SKIP_INSTALL = YES;
				SWIFT_EMIT_LOC_STRINGS = YES;
				SWIFT_VERSION = 5.0;
				TARGETED_DEVICE_FAMILY = "1,2";
				VALIDATE_PRODUCT = YES;
			};
			name = Release;
		};
		707B5D0D27F2D3DA7CEB748A /* Debug */ = {
			isa = XCBuildConfiguration;
			buildSettings = {
				ASSETCATALOG_COMPILER_GLOBAL_ACCENT_COLOR_NAME = AccentColor;
				ASSETCATALOG_COMPILER_WIDGET_BACKGROUND_COLOR_NAME = WidgetBackground;
				CLANG_ENABLE_OBJC_WEAK = NO;
				CODE_SIGN_ENTITLEMENTS = loveaceiosWidget/loveaceiosWidget.entitlements;
				CODE_SIGN_STYLE = Automatic;
				CURRENT_PROJECT_VERSION = 7;
				DEVELOPMENT_TEAM = 2PYK4BY5P6;
				GENERATE_INFOPLIST_FILE = YES;
				INFOPLIST_FILE = loveaceiosWidget/Info.plist;
				INFOPLIST_KEY_CFBundleDisplayName = "LoveACE Widget";
				INFOPLIST_KEY_NSHumanReadableCopyright = "";
				IPHONEOS_DEPLOYMENT_TARGET = 17.0;
				LD_RUNPATH_SEARCH_PATHS = (
					"$(inherited)",
					"@executable_path/Frameworks",
					"@executable_path/../../Frameworks",
				);
				MARKETING_VERSION = 1.1;
				PRODUCT_BUNDLE_IDENTIFIER = cn.linota.loveace.widget;
				PRODUCT_NAME = "$(TARGET_NAME)";
				SDKROOT = iphoneos;
				SKIP_INSTALL = YES;
				SWIFT_EMIT_LOC_STRINGS = YES;
				SWIFT_VERSION = 5.0;
				TARGETED_DEVICE_FAMILY = "1,2";
			};
			name = Debug;
		};
		7B30BBF52F6A7FA000CC81E3 /* Debug */ = {
			isa = XCBuildConfiguration;
			buildSettings = {
				ALWAYS_SEARCH_USER_PATHS = NO;
				ASSETCATALOG_COMPILER_GENERATE_SWIFT_ASSET_SYMBOL_EXTENSIONS = YES;
				CLANG_ANALYZER_NONNULL = YES;
				CLANG_ANALYZER_NUMBER_OBJECT_CONVERSION = YES_AGGRESSIVE;
				CLANG_CXX_LANGUAGE_STANDARD = "gnu++20";
				CLANG_ENABLE_MODULES = YES;
				CLANG_ENABLE_OBJC_ARC = YES;
				CLANG_ENABLE_OBJC_WEAK = YES;
				CLANG_WARN_BLOCK_CAPTURE_AUTORELEASING = YES;
				CLANG_WARN_BOOL_CONVERSION = YES;
				CLANG_WARN_COMMA = YES;
				CLANG_WARN_CONSTANT_CONVERSION = YES;
				CLANG_WARN_DEPRECATED_OBJC_IMPLEMENTATIONS = YES;
				CLANG_WARN_DIRECT_OBJC_ISA_USAGE = YES_ERROR;
				CLANG_WARN_DOCUMENTATION_COMMENTS = YES;
				CLANG_WARN_EMPTY_BODY = YES;
				CLANG_WARN_ENUM_CONVERSION = YES;
				CLANG_WARN_INFINITE_RECURSION = YES;
				CLANG_WARN_INT_CONVERSION = YES;
				CLANG_WARN_NON_LITERAL_NULL_CONVERSION = YES;
				CLANG_WARN_OBJC_IMPLICIT_RETAIN_SELF = YES;
				CLANG_WARN_OBJC_LITERAL_CONVERSION = YES;
				CLANG_WARN_OBJC_ROOT_CLASS = YES_ERROR;
				CLANG_WARN_QUOTED_INCLUDE_IN_FRAMEWORK_HEADER = YES;
				CLANG_WARN_RANGE_LOOP_ANALYSIS = YES;
				CLANG_WARN_STRICT_PROTOTYPES = YES;
				CLANG_WARN_SUSPICIOUS_MOVE = YES;
				CLANG_WARN_UNGUARDED_AVAILABILITY = YES_AGGRESSIVE;
				CLANG_WARN_UNREACHABLE_CODE = YES;
				CLANG_WARN__DUPLICATE_METHOD_MATCH = YES;
				COPY_PHASE_STRIP = NO;
				DEBUG_INFORMATION_FORMAT = dwarf;
				DEVELOPMENT_TEAM = 2PYK4BY5P6;
				ENABLE_STRICT_OBJC_MSGSEND = YES;
				ENABLE_TESTABILITY = YES;
				ENABLE_USER_SCRIPT_SANDBOXING = YES;
				GCC_C_LANGUAGE_STANDARD = gnu17;
				GCC_DYNAMIC_NO_PIC = NO;
				GCC_NO_COMMON_BLOCKS = YES;
				GCC_OPTIMIZATION_LEVEL = 0;
				GCC_PREPROCESSOR_DEFINITIONS = (
					"DEBUG=1",
					"$(inherited)",
				);
				GCC_WARN_64_TO_32_BIT_CONVERSION = YES;
				GCC_WARN_ABOUT_RETURN_TYPE = YES_ERROR;
				GCC_WARN_UNDECLARED_SELECTOR = YES;
				GCC_WARN_UNINITIALIZED_AUTOS = YES_AGGRESSIVE;
				GCC_WARN_UNUSED_FUNCTION = YES;
				GCC_WARN_UNUSED_VARIABLE = YES;
				IPHONEOS_DEPLOYMENT_TARGET = 17.0;
				LOCALIZATION_PREFERS_STRING_CATALOGS = YES;
				MTL_ENABLE_DEBUG_INFO = INCLUDE_SOURCE;
				MTL_FAST_MATH = YES;
				ONLY_ACTIVE_ARCH = YES;
				SDKROOT = iphoneos;
				SWIFT_ACTIVE_COMPILATION_CONDITIONS = "DEBUG $(inherited)";
				SWIFT_OPTIMIZATION_LEVEL = "-Onone";
			};
			name = Debug;
		};
		7B30BBF62F6A7FA000CC81E3 /* Release */ = {
			isa = XCBuildConfiguration;
			buildSettings = {
				ALWAYS_SEARCH_USER_PATHS = NO;
				ASSETCATALOG_COMPILER_GENERATE_SWIFT_ASSET_SYMBOL_EXTENSIONS = YES;
				CLANG_ANALYZER_NONNULL = YES;
				CLANG_ANALYZER_NUMBER_OBJECT_CONVERSION = YES_AGGRESSIVE;
				CLANG_CXX_LANGUAGE_STANDARD = "gnu++20";
				CLANG_ENABLE_MODULES = YES;
				CLANG_ENABLE_OBJC_ARC = YES;
				CLANG_ENABLE_OBJC_WEAK = YES;
				CLANG_WARN_BLOCK_CAPTURE_AUTORELEASING = YES;
				CLANG_WARN_BOOL_CONVERSION = YES;
				CLANG_WARN_COMMA = YES;
				CLANG_WARN_CONSTANT_CONVERSION = YES;
				CLANG_WARN_DEPRECATED_OBJC_IMPLEMENTATIONS = YES;
				CLANG_WARN_DIRECT_OBJC_ISA_USAGE = YES_ERROR;
				CLANG_WARN_DOCUMENTATION_COMMENTS = YES;
				CLANG_WARN_EMPTY_BODY = YES;
				CLANG_WARN_ENUM_CONVERSION = YES;
				CLANG_WARN_INFINITE_RECURSION = YES;
				CLANG_WARN_INT_CONVERSION = YES;
				CLANG_WARN_NON_LITERAL_NULL_CONVERSION = YES;
				CLANG_WARN_OBJC_IMPLICIT_RETAIN_SELF = YES;
				CLANG_WARN_OBJC_LITERAL_CONVERSION = YES;
				CLANG_WARN_OBJC_ROOT_CLASS = YES_ERROR;
				CLANG_WARN_QUOTED_INCLUDE_IN_FRAMEWORK_HEADER = YES;
				CLANG_WARN_RANGE_LOOP_ANALYSIS = YES;
				CLANG_WARN_STRICT_PROTOTYPES = YES;
				CLANG_WARN_SUSPICIOUS_MOVE = YES;
				CLANG_WARN_UNGUARDED_AVAILABILITY = YES_AGGRESSIVE;
				CLANG_WARN_UNREACHABLE_CODE = YES;
				CLANG_WARN__DUPLICATE_METHOD_MATCH = YES;
				COPY_PHASE_STRIP = NO;
				DEBUG_INFORMATION_FORMAT = "dwarf-with-dsym";
				DEVELOPMENT_TEAM = 2PYK4BY5P6;
				ENABLE_NS_ASSERTIONS = NO;
				ENABLE_STRICT_OBJC_MSGSEND = YES;
				ENABLE_USER_SCRIPT_SANDBOXING = YES;
				GCC_C_LANGUAGE_STANDARD = gnu17;
				GCC_NO_COMMON_BLOCKS = YES;
				GCC_WARN_64_TO_32_BIT_CONVERSION = YES;
				GCC_WARN_ABOUT_RETURN_TYPE = YES_ERROR;
				GCC_WARN_UNDECLARED_SELECTOR = YES;
				GCC_WARN_UNINITIALIZED_AUTOS = YES_AGGRESSIVE;
				GCC_WARN_UNUSED_FUNCTION = YES;
				GCC_WARN_UNUSED_VARIABLE = YES;
				IPHONEOS_DEPLOYMENT_TARGET = 17.0;
				LOCALIZATION_PREFERS_STRING_CATALOGS = YES;
				MTL_ENABLE_DEBUG_INFO = NO;
				MTL_FAST_MATH = YES;
				SDKROOT = iphoneos;
				SWIFT_COMPILATION_MODE = wholemodule;
				VALIDATE_PRODUCT = YES;
			};
			name = Release;
		};
		7B30BBF82F6A7FA000CC81E3 /* Debug */ = {
			isa = XCBuildConfiguration;
			buildSettings = {
				ASSETCATALOG_COMPILER_APPICON_NAME = AppIcon;
				ASSETCATALOG_COMPILER_GLOBAL_ACCENT_COLOR_NAME = AccentColor;
				CODE_SIGN_ENTITLEMENTS = loveaceios/loveaceios.entitlements;
				CODE_SIGN_STYLE = Automatic;
				CURRENT_PROJECT_VERSION = 7;
				DEVELOPMENT_TEAM = 2PYK4BY5P6;
				ENABLE_PREVIEWS = YES;
				GENERATE_INFOPLIST_FILE = YES;
				INFOPLIST_FILE = Info.plist;
				INFOPLIST_KEY_CFBundleDisplayName = "彩带小工具";
				INFOPLIST_KEY_LSApplicationCategoryType = "public.app-category.education";
				INFOPLIST_KEY_UIApplicationSceneManifest_Generation = YES;
				INFOPLIST_KEY_UIApplicationSupportsIndirectInputEvents = YES;
				INFOPLIST_KEY_UILaunchScreen_Generation = YES;
				INFOPLIST_KEY_UISupportedInterfaceOrientations_iPad = "UIInterfaceOrientationPortrait UIInterfaceOrientationPortraitUpsideDown UIInterfaceOrientationLandscapeLeft UIInterfaceOrientationLandscapeRight";
				INFOPLIST_KEY_UISupportedInterfaceOrientations_iPhone = "UIInterfaceOrientationPortrait UIInterfaceOrientationLandscapeLeft UIInterfaceOrientationLandscapeRight";
				LD_RUNPATH_SEARCH_PATHS = (
					"$(inherited)",
					"@executable_path/Frameworks",
				);
				MARKETING_VERSION = 1.1;
				PRODUCT_BUNDLE_IDENTIFIER = cn.linota.loveace;
				PRODUCT_NAME = "$(TARGET_NAME)";
				STRING_CATALOG_GENERATE_SYMBOLS = YES;
				SWIFT_APPROACHABLE_CONCURRENCY = YES;
				SWIFT_DEFAULT_ACTOR_ISOLATION = MainActor;
				SWIFT_EMIT_LOC_STRINGS = YES;
				SWIFT_UPCOMING_FEATURE_MEMBER_IMPORT_VISIBILITY = YES;
				SWIFT_VERSION = 5.0;
				TARGETED_DEVICE_FAMILY = "1,2";
			};
			name = Debug;
		};
		7B30BBF92F6A7FA000CC81E3 /* Release */ = {
			isa = XCBuildConfiguration;
			buildSettings = {
				ASSETCATALOG_COMPILER_APPICON_NAME = AppIcon;
				ASSETCATALOG_COMPILER_GLOBAL_ACCENT_COLOR_NAME = AccentColor;
				CODE_SIGN_ENTITLEMENTS = loveaceios/loveaceios.entitlements;
				CODE_SIGN_STYLE = Automatic;
				CURRENT_PROJECT_VERSION = 7;
				DEVELOPMENT_TEAM = 2PYK4BY5P6;
				ENABLE_PREVIEWS = YES;
				GENERATE_INFOPLIST_FILE = YES;
				INFOPLIST_FILE = Info.plist;
				INFOPLIST_KEY_CFBundleDisplayName = "彩带小工具";
				INFOPLIST_KEY_LSApplicationCategoryType = "public.app-category.education";
				INFOPLIST_KEY_UIApplicationSceneManifest_Generation = YES;
				INFOPLIST_KEY_UIApplicationSupportsIndirectInputEvents = YES;
				INFOPLIST_KEY_UILaunchScreen_Generation = YES;
				INFOPLIST_KEY_UISupportedInterfaceOrientations_iPad = "UIInterfaceOrientationPortrait UIInterfaceOrientationPortraitUpsideDown UIInterfaceOrientationLandscapeLeft UIInterfaceOrientationLandscapeRight";
				INFOPLIST_KEY_UISupportedInterfaceOrientations_iPhone = "UIInterfaceOrientationPortrait UIInterfaceOrientationLandscapeLeft UIInterfaceOrientationLandscapeRight";
				LD_RUNPATH_SEARCH_PATHS = (
					"$(inherited)",
					"@executable_path/Frameworks",
				);
				MARKETING_VERSION = 1.1;
				PRODUCT_BUNDLE_IDENTIFIER = cn.linota.loveace;
				PRODUCT_NAME = "$(TARGET_NAME)";
				STRING_CATALOG_GENERATE_SYMBOLS = YES;
				SWIFT_APPROACHABLE_CONCURRENCY = YES;
				SWIFT_DEFAULT_ACTOR_ISOLATION = MainActor;
				SWIFT_EMIT_LOC_STRINGS = YES;
				SWIFT_UPCOMING_FEATURE_MEMBER_IMPORT_VISIBILITY = YES;
				SWIFT_VERSION = 5.0;
				TARGETED_DEVICE_FAMILY = "1,2";
			};
			name = Release;
		};
/* End XCBuildConfiguration section */

/* Begin XCConfigurationList section */
		7B30BBE72F6A7F9F00CC81E3 /* Build configuration list for PBXProject "loveaceios" */ = {
			isa = XCConfigurationList;
			buildConfigurations = (
				7B30BBF52F6A7FA000CC81E3 /* Debug */,
				7B30BBF62F6A7FA000CC81E3 /* Release */,
			);
			defaultConfigurationIsVisible = 0;
			defaultConfigurationName = Release;
		};
		7B30BBF72F6A7FA000CC81E3 /* Build configuration list for PBXNativeTarget "loveaceios" */ = {
			isa = XCConfigurationList;
			buildConfigurations = (
				7B30BBF82F6A7FA000CC81E3 /* Debug */,
				7B30BBF92F6A7FA000CC81E3 /* Release */,
			);
			defaultConfigurationIsVisible = 0;
			defaultConfigurationName = Release;
		};
		F5AD6B2772B95B29814A06D0 /* Build configuration list for PBXNativeTarget "loveaceiosWidget" */ = {
			isa = XCConfigurationList;
			buildConfigurations = (
				4AA46CA59EE861DD6D94E7B5 /* Release */,
				707B5D0D27F2D3DA7CEB748A /* Debug */,
			);
			defaultConfigurationIsVisible = 0;
			defaultConfigurationName = Release;
		};
/* End XCConfigurationList section */

/* Begin XCRemoteSwiftPackageReference section */
		7BAA00012F6B900000CC81E3 /* XCRemoteSwiftPackageReference "SwiftSoup" */ = {
			isa = XCRemoteSwiftPackageReference;
			repositoryURL = "https://github.com/scinfu/SwiftSoup.git";
			requirement = {
				kind = upToNextMajorVersion;
				minimumVersion = 2.7.6;
			};
		};
/* End XCRemoteSwiftPackageReference section */

/* Begin XCSwiftPackageProductDependency section */
		7BAA00022F6B900000CC81E3 /* SwiftSoup */ = {
			isa = XCSwiftPackageProductDependency;
			package = 7BAA00012F6B900000CC81E3 /* XCRemoteSwiftPackageReference "SwiftSoup" */;
			productName = SwiftSoup;
		};
/* End XCSwiftPackageProductDependency section */
	};
	rootObject = 7B30BBE42F6A7F9F00CC81E3 /* Project object */;
}
